
Microsoft Visual Studio Solution File, Format Version 12.00
# Visual Studio Version 16
VisualStudioVersion = 16.0.33027.164
MinimumVisualStudioVersion = 10.0.40219.1
Project("{FAE04EC0-301F-11D3-BF4B-00C04F79EFBC}") = "TodoApp", "TodoApp\TodoApp.csproj", "{202D6872-F2F9-4368-B538-12211C2D61CC}"
EndProject
Global
	GlobalSection(SolutionConfigurationPlatforms) = preSolution
		Debug|Any CPU = Debug|Any CPU
		Release|Any CPU = Release|Any CPU
	EndGlobalSection
	GlobalSection(ProjectConfigurationPlatforms) = postSolution
		{202D6872-F2F9-4368-B538-12211C2D61CC}.Debug|Any CPU.ActiveCfg = Debug|Any CPU
		{202D6872-F2F9-4368-B538-12211C2D61CC}.Debug|Any CPU.Build.0 = Debug|Any CPU
		{202D6872-F2F9-4368-B538-12211C2D61CC}.Release|Any CPU.ActiveCfg = Release|Any CPU
		{202D6872-F2F9-4368-B538-12211C2D61CC}.Release|Any CPU.Build.0 = Release|Any CPU
	EndGlobalSection
	GlobalSection(SolutionProperties) = preSolution
		HideSolutionNode = FALSE
	EndGlobalSection
	GlobalSection(ExtensibilityGlobals) = postSolution
		SolutionGuid = {1B2B5A0B-CC52-45F2-ABE1-EA9C7B765FA9}
	EndGlobalSection
EndGlobal
